
Microsoft Visual Studio Solution File, Format Version 12.00
# Visual Studio Version 17
VisualStudioVersion = 17.14.36429.23
MinimumVisualStudioVersion = 10.0.40219.1
Project("{FAE04EC0-301F-11D3-BF4B-00C04F79EFBC}") = "first-homework", "first-homework\first-homework.csproj", "{4E727934-C083-4F2E-A283-CACB25A912AB}"
EndProject
Project("{FAE04EC0-301F-11D3-BF4B-00C04F79EFBC}") = "second-homework", "second-homework\second-homework.csproj", "{625DADFA-751D-4D9B-872B-5CA9A6B4F251}"
EndProject
Project("{FAE04EC0-301F-11D3-BF4B-00C04F79EFBC}") = "individual-work", "individual-work\individual-work.csproj", "{5D3030B9-D631-44C7-B57F-0C223E504B19}"
EndProject
Project("{FAE04EC0-301F-11D3-BF4B-00C04F79EFBC}") = "third-homework", "third-homework\third-homework.csproj", "{B98E388D-DA04-4445-9333-6AEF9A823AEB}"
EndProject
Project("{FAE04EC0-301F-11D3-BF4B-00C04F79EFBC}") = "fourth-homework", "fourth-homework\fourth-homework.csproj", "{2F0E8641-BA1E-46C1-A0FB-BD6E09A0E5BF}"
EndProject
Project("{FAE04EC0-301F-11D3-BF4B-00C04F79EFBC}") = "six-homework", "six-homework\six-homework.csproj", "{81C96BEE-F43E-4A4F-ABC2-367CFAEC9789}"
EndProject
Global
	GlobalSection(SolutionConfigurationPlatforms) = preSolution
		Debug|Any CPU = Debug|Any CPU
		Release|Any CPU = Release|Any CPU
	EndGlobalSection
	GlobalSection(ProjectConfigurationPlatforms) = postSolution
		{4E727934-C083-4F2E-A283-CACB25A912AB}.Debug|Any CPU.ActiveCfg = Debug|Any CPU
		{4E727934-C083-4F2E-A283-CACB25A912AB}.Debug|Any CPU.Build.0 = Debug|Any CPU
		{4E727934-C083-4F2E-A283-CACB25A912AB}.Release|Any CPU.ActiveCfg = Release|Any CPU
		{4E727934-C083-4F2E-A283-CACB25A912AB}.Release|Any CPU.Build.0 = Release|Any CPU
		{625DADFA-751D-4D9B-872B-5CA9A6B4F251}.Debug|Any CPU.ActiveCfg = Debug|Any CPU
		{625DADFA-751D-4D9B-872B-5CA9A6B4F251}.Debug|Any CPU.Build.0 = Debug|Any CPU
		{625DADFA-751D-4D9B-872B-5CA9A6B4F251}.Release|Any CPU.ActiveCfg = Release|Any CPU
		{625DADFA-751D-4D9B-872B-5CA9A6B4F251}.Release|Any CPU.Build.0 = Release|Any CPU
		{5D3030B9-D631-44C7-B57F-0C223E504B19}.Debug|Any CPU.ActiveCfg = Debug|Any CPU
		{5D3030B9-D631-44C7-B57F-0C223E504B19}.Debug|Any CPU.Build.0 = Debug|Any CPU
		{5D3030B9-D631-44C7-B57F-0C223E504B19}.Release|Any CPU.ActiveCfg = Release|Any CPU
		{5D3030B9-D631-44C7-B57F-0C223E504B19}.Release|Any CPU.Build.0 = Release|Any CPU
		{B98E388D-DA04-4445-9333-6AEF9A823AEB}.Debug|Any CPU.ActiveCfg = Debug|Any CPU
		{B98E388D-DA04-4445-9333-6AEF9A823AEB}.Debug|Any CPU.Build.0 = Debug|Any CPU
		{B98E388D-DA04-4445-9333-6AEF9A823AEB}.Release|Any CPU.ActiveCfg = Release|Any CPU
		{B98E388D-DA04-4445-9333-6AEF9A823AEB}.Release|Any CPU.Build.0 = Release|Any CPU
		{2F0E8641-BA1E-46C1-A0FB-BD6E09A0E5BF}.Debug|Any CPU.ActiveCfg = Debug|Any CPU
		{2F0E8641-BA1E-46C1-A0FB-BD6E09A0E5BF}.Debug|Any CPU.Build.0 = Debug|Any CPU
		{2F0E8641-BA1E-46C1-A0FB-BD6E09A0E5BF}.Release|Any CPU.ActiveCfg = Release|Any CPU
		{2F0E8641-BA1E-46C1-A0FB-BD6E09A0E5BF}.Release|Any CPU.Build.0 = Release|Any CPU
		{81C96BEE-F43E-4A4F-ABC2-367CFAEC9789}.Debug|Any CPU.ActiveCfg = Debug|Any CPU
		{81C96BEE-F43E-4A4F-ABC2-367CFAEC9789}.Debug|Any CPU.Build.0 = Debug|Any CPU
		{81C96BEE-F43E-4A4F-ABC2-367CFAEC9789}.Release|Any CPU.ActiveCfg = Release|Any CPU
		{81C96BEE-F43E-4A4F-ABC2-367CFAEC9789}.Release|Any CPU.Build.0 = Release|Any CPU
	EndGlobalSection
	GlobalSection(SolutionProperties) = preSolution
		HideSolutionNode = FALSE
	EndGlobalSection
	GlobalSection(ExtensibilityGlobals) = postSolution
		SolutionGuid = {3F920B7E-02AF-42AB-BD53-3E9483AB9BF3}
	EndGlobalSection
EndGlobal
